uuid: 2cbe1db8-0ff7-4fe6-964c-726c604d4a47
langcode: da
status: true
dependencies:
  config:
    - views.view.activity_user_registered
  module:
    - system
    - views
  theme:
    - genlyd_aarhus
id: views_block__activity_user_registered_block
theme: genlyd_aarhus
region: content
weight: 0
provider: null
plugin: 'views_block:activity_user_registered-genlyd_block_activities_user_registered'
settings:
  id: 'views_block:activity_user_registered-genlyd_block_activities_user_registered'
  label: ''
  provider: views
  label_display: '0'
  views_label: ''
  items_per_page: none
visibility:
  request_path:
    id: request_path
    pages: '/user/*'
    negate: false
    context_mapping: {  }
